Microsoft Visual Studio Solution File, Format Version 12.00
# Visual Studio Version 16
VisualStudioVersion = 16.0.29503.13
MinimumVisualStudioVersion = 15.0.26124.0
Project("{2150E333-8FDC-42A3-9474-1A3956D46DE8}") = "src", "src", "{058166BB-4F21-4F3D-BF6E-8E98CFA4251F}"
EndProject
Project("{2150E333-8FDC-42A3-9474-1A3956D46DE8}") = "presentation", "presentation", "{EEA50854-DE8C-4FEC-875C-B660DFE93E0A}"
EndProject
Project("{2150E333-8FDC-42A3-9474-1A3956D46DE8}") = "application", "application", "{971AF34C-CB58-4AA0-A4C9-1D8A609365A6}"
EndProject
Project("{2150E333-8FDC-42A3-9474-1A3956D46DE8}") = "domain", "domain", "{A5676DD4-AD3F-41F7-B986-6923A3E1446F}"
EndProject
Project("{2150E333-8FDC-42A3-9474-1A3956D46DE8}") = "infrastructure", "infrastructure", "{3B009FC1-9A2B-47A9-962D-65B3C3F287DE}"
EndProject
Project("{2150E333-8FDC-42A3-9474-1A3956D46DE8}") = "crosscutting", "crosscutting", "{CF350F6E-59E7-4FE9-BEB7-53A712A02F1E}"
EndProject
Project("{2150E333-8FDC-42A3-9474-1A3956D46DE8}") = "data", "data", "{13E2845A-9B37-4792-844B-C5E5EB1FA22F}"
EndProject
Project("{2150E333-8FDC-42A3-9474-1A3956D46DE8}") = "tests", "tests", "{3C5E22FA-EE14-40F5-907B-AEA5BFCAB014}"
EndProject
Project("{9A19103F-16F7-4668-BE54-9A1E7A4F7556}") = "Reminders.Api", "src\Reminders.Api\Reminders.Api.csproj", "{2B865A08-5F5B-4C39-AF8C-0D97D9AAE460}"
EndProject
Project("{9A19103F-16F7-4668-BE54-9A1E7A4F7556}") = "Reminders.Api.Test", "src\Reminders.Api.Test\Reminders.Api.Test.csproj", "{699B6D8A-6059-4D2B-BB99-3F377B0764A2}"
EndProject
Project("{9A19103F-16F7-4668-BE54-9A1E7A4F7556}") = "Reminders.Application", "src\Reminders.Application\Reminders.Application.csproj", "{5385238E-79C5-44AC-A615-B1FEBA45189A}"
EndProject
Project("{9A19103F-16F7-4668-BE54-9A1E7A4F7556}") = "Reminders.Application.Test", "src\Reminders.Application.Test\Reminders.Application.Test.csproj", "{AB8BA38B-4A99-4ED4-ADD0-B8F55E0577C9}"
EndProject
Project("{9A19103F-16F7-4668-BE54-9A1E7A4F7556}") = "Reminders.Domain", "src\Reminders.Domain\Reminders.Domain.csproj", "{1DA1D0D0-7D13-4B78-B180-F5D3184E87A1}"
EndProject
Project("{9A19103F-16F7-4668-BE54-9A1E7A4F7556}") = "Reminders.Infrastructure.CrossCutting", "src\Reminders.Infrastructure.CrossCutting\Reminders.Infrastructure.CrossCutting.csproj", "{DC9D5FB0-9660-459E-9BDE-AAB14447359B}"
EndProject
Project("{9A19103F-16F7-4668-BE54-9A1E7A4F7556}") = "Reminders.Infrastructure.Data.EntityFramework", "src\Reminders.Infrastructure.Data\Reminders.Infrastructure.Data.EntityFramework.csproj", "{37BACAD5-1BDC-413C-BE98-052F6D3B226A}"
EndProject
Project("{9A19103F-16F7-4668-BE54-9A1E7A4F7556}") = "Reminders.Mvc", "src\Reminders.Mvc\Reminders.Mvc.csproj", "{A5F519E6-81B9-4E19-B9B7-73E764D66278}"
EndProject
Project("{FAE04EC0-301F-11D3-BF4B-00C04F79EFBC}") = "Reminders.Mvc.Test", "src\Reminders.Mvc.Test\Reminders.Mvc.Test.csproj", "{F4FCD626-F528-4ACE-8A06-4624C3289140}"
EndProject
Global
	GlobalSection(SolutionConfigurationPlatforms) = preSolution
		Debug|Any CPU = Debug|Any CPU
		Debug|x64 = Debug|x64
		Debug|x86 = Debug|x86
		Release|Any CPU = Release|Any CPU
		Release|x64 = Release|x64
		Release|x86 = Release|x86
	EndGlobalSection
	GlobalSection(ProjectConfigurationPlatforms) = postSolution
		{2B865A08-5F5B-4C39-AF8C-0D97D9AAE460}.Debug|Any CPU.ActiveCfg = Debug|Any CPU
		{2B865A08-5F5B-4C39-AF8C-0D97D9AAE460}.Debug|Any CPU.Build.0 = Debug|Any CPU
		{2B865A08-5F5B-4C39-AF8C-0D97D9AAE460}.Debug|x64.ActiveCfg = Debug|Any CPU
		{2B865A08-5F5B-4C39-AF8C-0D97D9AAE460}.Debug|x64.Build.0 = Debug|Any CPU
		{2B865A08-5F5B-4C39-AF8C-0D97D9AAE460}.Debug|x86.ActiveCfg = Debug|Any CPU
		{2B865A08-5F5B-4C39-AF8C-0D97D9AAE460}.Debug|x86.Build.0 = Debug|Any CPU
		{2B865A08-5F5B-4C39-AF8C-0D97D9AAE460}.Release|Any CPU.ActiveCfg = Release|Any CPU
		{2B865A08-5F5B-4C39-AF8C-0D97D9AAE460}.Release|Any CPU.Build.0 = Release|Any CPU
		{2B865A08-5F5B-4C39-AF8C-0D97D9AAE460}.Release|x64.ActiveCfg = Release|Any CPU
		{2B865A08-5F5B-4C39-AF8C-0D97D9AAE460}.Release|x64.Build.0 = Release|Any CPU
		{2B865A08-5F5B-4C39-AF8C-0D97D9AAE460}.Release|x86.ActiveCfg = Release|Any CPU
		{2B865A08-5F5B-4C39-AF8C-0D97D9AAE460}.Release|x86.Build.0 = Release|Any CPU
		{699B6D8A-6059-4D2B-BB99-3F377B0764A2}.Debug|Any CPU.ActiveCfg = Debug|Any CPU
		{699B6D8A-6059-4D2B-BB99-3F377B0764A2}.Debug|Any CPU.Build.0 = Debug|Any CPU
		{699B6D8A-6059-4D2B-BB99-3F377B0764A2}.Debug|x64.ActiveCfg = Debug|Any CPU
		{699B6D8A-6059-4D2B-BB99-3F377B0764A2}.Debug|x64.Build.0 = Debug|Any CPU
		{699B6D8A-6059-4D2B-BB99-3F377B0764A2}.Debug|x86.ActiveCfg = Debug|Any CPU
		{699B6D8A-6059-4D2B-BB99-3F377B0764A2}.Debug|x86.Build.0 = Debug|Any CPU
		{699B6D8A-6059-4D2B-BB99-3F377B0764A2}.Release|Any CPU.ActiveCfg = Release|Any CPU
		{699B6D8A-6059-4D2B-BB99-3F377B0764A2}.Release|Any CPU.Build.0 = Release|Any CPU
		{699B6D8A-6059-4D2B-BB99-3F377B0764A2}.Release|x64.ActiveCfg = Release|Any CPU
		{699B6D8A-6059-4D2B-BB99-3F377B0764A2}.Release|x64.Build.0 = Release|Any CPU
		{699B6D8A-6059-4D2B-BB99-3F377B0764A2}.Release|x86.ActiveCfg = Release|Any CPU
		{699B6D8A-6059-4D2B-BB99-3F377B0764A2}.Release|x86.Build.0 = Release|Any CPU
		{5385238E-79C5-44AC-A615-B1FEBA45189A}.Debug|Any CPU.ActiveCfg = Debug|Any CPU
		{5385238E-79C5-44AC-A615-B1FEBA45189A}.Debug|Any CPU.Build.0 = Debug|Any CPU
		{5385238E-79C5-44AC-A615-B1FEBA45189A}.Debug|x64.ActiveCfg = Debug|Any CPU
		{5385238E-79C5-44AC-A615-B1FEBA45189A}.Debug|x64.Build.0 = Debug|Any CPU
		{5385238E-79C5-44AC-A615-B1FEBA45189A}.Debug|x86.ActiveCfg = Debug|Any CPU
		{5385238E-79C5-44AC-A615-B1FEBA45189A}.Debug|x86.Build.0 = Debug|Any CPU
		{5385238E-79C5-44AC-A615-B1FEBA45189A}.Release|Any CPU.ActiveCfg = Release|Any CPU
		{5385238E-79C5-44AC-A615-B1FEBA45189A}.Release|Any CPU.Build.0 = Release|Any CPU
		{5385238E-79C5-44AC-A615-B1FEBA45189A}.Release|x64.ActiveCfg = Release|Any CPU
		{5385238E-79C5-44AC-A615-B1FEBA45189A}.Release|x64.Build.0 = Release|Any CPU
		{5385238E-79C5-44AC-A615-B1FEBA45189A}.Release|x86.ActiveCfg = Release|Any CPU
		{5385238E-79C5-44AC-A615-B1FEBA45189A}.Release|x86.Build.0 = Release|Any CPU
		{AB8BA38B-4A99-4ED4-ADD0-B8F55E0577C9}.Debug|Any CPU.ActiveCfg = Debug|Any CPU
		{AB8BA38B-4A99-4ED4-ADD0-B8F55E0577C9}.Debug|Any CPU.Build.0 = Debug|Any CPU
		{AB8BA38B-4A99-4ED4-ADD0-B8F55E0577C9}.Debug|x64.ActiveCfg = Debug|Any CPU
		{AB8BA38B-4A99-4ED4-ADD0-B8F55E0577C9}.Debug|x64.Build.0 = Debug|Any CPU
		{AB8BA38B-4A99-4ED4-ADD0-B8F55E0577C9}.Debug|x86.ActiveCfg = Debug|Any CPU
		{AB8BA38B-4A99-4ED4-ADD0-B8F55E0577C9}.Debug|x86.Build.0 = Debug|Any CPU
		{AB8BA38B-4A99-4ED4-ADD0-B8F55E0577C9}.Release|Any CPU.ActiveCfg = Release|Any CPU
		{AB8BA38B-4A99-4ED4-ADD0-B8F55E0577C9}.Release|Any CPU.Build.0 = Release|Any CPU
		{AB8BA38B-4A99-4ED4-ADD0-B8F55E0577C9}.Release|x64.ActiveCfg = Release|Any CPU
		{AB8BA38B-4A99-4ED4-ADD0-B8F55E0577C9}.Release|x64.Build.0 = Release|Any CPU
		{AB8BA38B-4A99-4ED4-ADD0-B8F55E0577C9}.Release|x86.ActiveCfg = Release|Any CPU
		{AB8BA38B-4A99-4ED4-ADD0-B8F55E0577C9}.Release|x86.Build.0 = Release|Any CPU
		{1DA1D0D0-7D13-4B78-B180-F5D3184E87A1}.Debug|Any CPU.ActiveCfg = Debug|Any CPU
		{1DA1D0D0-7D13-4B78-B180-F5D3184E87A1}.Debug|Any CPU.Build.0 = Debug|Any CPU
		{1DA1D0D0-7D13-4B78-B180-F5D3184E87A1}.Debug|x64.ActiveCfg = Debug|Any CPU
		{1DA1D0D0-7D13-4B78-B180-F5D3184E87A1}.Debug|x64.Build.0 = Debug|Any CPU
		{1DA1D0D0-7D13-4B78-B180-F5D3184E87A1}.Debug|x86.ActiveCfg = Debug|Any CPU
		{1DA1D0D0-7D13-4B78-B180-F5D3184E87A1}.Debug|x86.Build.0 = Debug|Any CPU
		{1DA1D0D0-7D13-4B78-B180-F5D3184E87A1}.Release|Any CPU.ActiveCfg = Release|Any CPU
		{1DA1D0D0-7D13-4B78-B180-F5D3184E87A1}.Release|Any CPU.Build.0 = Release|Any CPU
		{1DA1D0D0-7D13-4B78-B180-F5D3184E87A1}.Release|x64.ActiveCfg = Release|Any CPU
		{1DA1D0D0-7D13-4B78-B180-F5D3184E87A1}.Release|x64.Build.0 = Release|Any CPU
		{1DA1D0D0-7D13-4B78-B180-F5D3184E87A1}.Release|x86.ActiveCfg = Release|Any CPU
		{1DA1D0D0-7D13-4B78-B180-F5D3184E87A1}.Release|x86.Build.0 = Release|Any CPU
		{DC9D5FB0-9660-459E-9BDE-AAB14447359B}.Debug|Any CPU.ActiveCfg = Debug|Any CPU
		{DC9D5FB0-9660-459E-9BDE-AAB14447359B}.Debug|Any CPU.Build.0 = Debug|Any CPU
		{DC9D5FB0-9660-459E-9BDE-AAB14447359B}.Debug|x64.ActiveCfg = Debug|Any CPU
		{DC9D5FB0-9660-459E-9BDE-AAB14447359B}.Debug|x64.Build.0 = Debug|Any CPU
		{DC9D5FB0-9660-459E-9BDE-AAB14447359B}.Debug|x86.ActiveCfg = Debug|Any CPU
		{DC9D5FB0-9660-459E-9BDE-AAB14447359B}.Debug|x86.Build.0 = Debug|Any CPU
		{DC9D5FB0-9660-459E-9BDE-AAB14447359B}.Release|Any CPU.ActiveCfg = Release|Any CPU
		{DC9D5FB0-9660-459E-9BDE-AAB14447359B}.Release|Any CPU.Build.0 = Release|Any CPU
		{DC9D5FB0-9660-459E-9BDE-AAB14447359B}.Release|x64.ActiveCfg = Release|Any CPU
		{DC9D5FB0-9660-459E-9BDE-AAB14447359B}.Release|x64.Build.0 = Release|Any CPU
		{DC9D5FB0-9660-459E-9BDE-AAB14447359B}.Release|x86.ActiveCfg = Release|Any CPU
		{DC9D5FB0-9660-459E-9BDE-AAB14447359B}.Release|x86.Build.0 = Release|Any CPU
		{37BACAD5-1BDC-413C-BE98-052F6D3B226A}.Debug|Any CPU.ActiveCfg = Debug|Any CPU
		{37BACAD5-1BDC-413C-BE98-052F6D3B226A}.Debug|Any CPU.Build.0 = Debug|Any CPU
		{37BACAD5-1BDC-413C-BE98-052F6D3B226A}.Debug|x64.ActiveCfg = Debug|Any CPU
		{37BACAD5-1BDC-413C-BE98-052F6D3B226A}.Debug|x64.Build.0 = Debug|Any CPU
		{37BACAD5-1BDC-413C-BE98-052F6D3B226A}.Debug|x86.ActiveCfg = Debug|Any CPU
		{37BACAD5-1BDC-413C-BE98-052F6D3B226A}.Debug|x86.Build.0 = Debug|Any CPU
		{37BACAD5-1BDC-413C-BE98-052F6D3B226A}.Release|Any CPU.ActiveCfg = Release|Any CPU
		{37BACAD5-1BDC-413C-BE98-052F6D3B226A}.Release|Any CPU.Build.0 = Release|Any CPU
		{37BACAD5-1BDC-413C-BE98-052F6D3B226A}.Release|x64.ActiveCfg = Release|Any CPU
		{37BACAD5-1BDC-413C-BE98-052F6D3B226A}.Release|x64.Build.0 = Release|Any CPU
		{37BACAD5-1BDC-413C-BE98-052F6D3B226A}.Release|x86.ActiveCfg = Release|Any CPU
		{37BACAD5-1BDC-413C-BE98-052F6D3B226A}.Release|x86.Build.0 = Release|Any CPU
		{A5F519E6-81B9-4E19-B9B7-73E764D66278}.Debug|Any CPU.ActiveCfg = Debug|Any CPU
		{A5F519E6-81B9-4E19-B9B7-73E764D66278}.Debug|Any CPU.Build.0 = Debug|Any CPU
		{A5F519E6-81B9-4E19-B9B7-73E764D66278}.Debug|x64.ActiveCfg = Debug|Any CPU
		{A5F519E6-81B9-4E19-B9B7-73E764D66278}.Debug|x64.Build.0 = Debug|Any CPU
		{A5F519E6-81B9-4E19-B9B7-73E764D66278}.Debug|x86.ActiveCfg = Debug|Any CPU
		{A5F519E6-81B9-4E19-B9B7-73E764D66278}.Debug|x86.Build.0 = Debug|Any CPU
		{A5F519E6-81B9-4E19-B9B7-73E764D66278}.Release|Any CPU.ActiveCfg = Release|Any CPU
		{A5F519E6-81B9-4E19-B9B7-73E764D66278}.Release|Any CPU.Build.0 = Release|Any CPU
		{A5F519E6-81B9-4E19-B9B7-73E764D66278}.Release|x64.ActiveCfg = Release|Any CPU
		{A5F519E6-81B9-4E19-B9B7-73E764D66278}.Release|x64.Build.0 = Release|Any CPU
		{A5F519E6-81B9-4E19-B9B7-73E764D66278}.Release|x86.ActiveCfg = Release|Any CPU
		{A5F519E6-81B9-4E19-B9B7-73E764D66278}.Release|x86.Build.0 = Release|Any CPU
		{F4FCD626-F528-4ACE-8A06-4624C3289140}.Debug|Any CPU.ActiveCfg = Debug|Any CPU
		{F4FCD626-F528-4ACE-8A06-4624C3289140}.Debug|Any CPU.Build.0 = Debug|Any CPU
		{F4FCD626-F528-4ACE-8A06-4624C3289140}.Debug|x64.ActiveCfg = Debug|Any CPU
		{F4FCD626-F528-4ACE-8A06-4624C3289140}.Debug|x64.Build.0 = Debug|Any CPU
		{F4FCD626-F528-4ACE-8A06-4624C3289140}.Debug|x86.ActiveCfg = Debug|Any CPU
		{F4FCD626-F528-4ACE-8A06-4624C3289140}.Debug|x86.Build.0 = Debug|Any CPU
		{F4FCD626-F528-4ACE-8A06-4624C3289140}.Release|Any CPU.ActiveCfg = Release|Any CPU
		{F4FCD626-F528-4ACE-8A06-4624C3289140}.Release|Any CPU.Build.0 = Release|Any CPU
		{F4FCD626-F528-4ACE-8A06-4624C3289140}.Release|x64.ActiveCfg = Release|Any CPU
		{F4FCD626-F528-4ACE-8A06-4624C3289140}.Release|x64.Build.0 = Release|Any CPU
		{F4FCD626-F528-4ACE-8A06-4624C3289140}.Release|x86.ActiveCfg = Release|Any CPU
		{F4FCD626-F528-4ACE-8A06-4624C3289140}.Release|x86.Build.0 = Release|Any CPU
	EndGlobalSection
	GlobalSection(SolutionProperties) = preSolution
		HideSolutionNode = FALSE
	EndGlobalSection
	GlobalSection(NestedProjects) = preSolution
		{EEA50854-DE8C-4FEC-875C-B660DFE93E0A} = {058166BB-4F21-4F3D-BF6E-8E98CFA4251F}
		{971AF34C-CB58-4AA0-A4C9-1D8A609365A6} = {058166BB-4F21-4F3D-BF6E-8E98CFA4251F}
		{A5676DD4-AD3F-41F7-B986-6923A3E1446F} = {058166BB-4F21-4F3D-BF6E-8E98CFA4251F}
		{3B009FC1-9A2B-47A9-962D-65B3C3F287DE} = {058166BB-4F21-4F3D-BF6E-8E98CFA4251F}
		{CF350F6E-59E7-4FE9-BEB7-53A712A02F1E} = {3B009FC1-9A2B-47A9-962D-65B3C3F287DE}
		{13E2845A-9B37-4792-844B-C5E5EB1FA22F} = {3B009FC1-9A2B-47A9-962D-65B3C3F287DE}
		{3C5E22FA-EE14-40F5-907B-AEA5BFCAB014} = {058166BB-4F21-4F3D-BF6E-8E98CFA4251F}
		{2B865A08-5F5B-4C39-AF8C-0D97D9AAE460} = {EEA50854-DE8C-4FEC-875C-B660DFE93E0A}
		{699B6D8A-6059-4D2B-BB99-3F377B0764A2} = {3C5E22FA-EE14-40F5-907B-AEA5BFCAB014}
		{5385238E-79C5-44AC-A615-B1FEBA45189A} = {971AF34C-CB58-4AA0-A4C9-1D8A609365A6}
		{AB8BA38B-4A99-4ED4-ADD0-B8F55E0577C9} = {3C5E22FA-EE14-40F5-907B-AEA5BFCAB014}
		{1DA1D0D0-7D13-4B78-B180-F5D3184E87A1} = {A5676DD4-AD3F-41F7-B986-6923A3E1446F}
		{DC9D5FB0-9660-459E-9BDE-AAB14447359B} = {CF350F6E-59E7-4FE9-BEB7-53A712A02F1E}
		{37BACAD5-1BDC-413C-BE98-052F6D3B226A} = {13E2845A-9B37-4792-844B-C5E5EB1FA22F}
		{A5F519E6-81B9-4E19-B9B7-73E764D66278} = {EEA50854-DE8C-4FEC-875C-B660DFE93E0A}
		{F4FCD626-F528-4ACE-8A06-4624C3289140} = {3C5E22FA-EE14-40F5-907B-AEA5BFCAB014}
	EndGlobalSection
	GlobalSection(ExtensibilityGlobals) = postSolution
		SolutionGuid = {178322FA-C7CA-4AC1-9159-123528325AAD}
	EndGlobalSection
EndGlobal
