Microsoft Visual Studio Solution File, Format Version 12.00
# Visual Studio Version 16
VisualStudioVersion = 16.0.29503.13
MinimumVisualStudioVersion = 15.0.26124.0
Project("{9A19103F-16F7-4668-BE54-9A1E7A4F7556}") = "Reminders.Api", "server\api\dotnet\Reminders.Api\Reminders.Api.csproj", "{7C707AD5-EAE5-43E6-AA61-6F14CADBA734}"
EndProject
Project("{9A19103F-16F7-4668-BE54-9A1E7A4F7556}") = "Reminders.Mvc", "app\dotnet\Reminders.Mvc\Reminders.Mvc.csproj", "{1B82D1B4-6188-4789-8662-2642F16596CE}"
EndProject
Project("{9A19103F-16F7-4668-BE54-9A1E7A4F7556}") = "Reminders.Application.Test", "test\server\dotnet\Reminders.Application.Test\Reminders.Application.Test.csproj", "{AB8BA38B-4A99-4ED4-ADD0-B8F55E0577C9}"
EndProject
Project("{9A19103F-16F7-4668-BE54-9A1E7A4F7556}") = "Reminders.Api.Test", "test\server\dotnet\Reminders.Api.Test\Reminders.Api.Test.csproj", "{6FB54BB9-96D7-46F3-85BC-3FFDA0866C1F}"
EndProject
Project("{9A19103F-16F7-4668-BE54-9A1E7A4F7556}") = "Reminders.Mvc.Test", "test\app\dotnet\Reminders.Mvc.Test\Reminders.Mvc.Test.csproj", "{01561FEC-BCDF-4262-9A41-A5E70B42E0DC}"
EndProject
Global
	GlobalSection(SolutionConfigurationPlatforms) = preSolution
		Debug|Any CPU = Debug|Any CPU
		Debug|x64 = Debug|x64
		Debug|x86 = Debug|x86
		Release|Any CPU = Release|Any CPU
		Release|x64 = Release|x64
		Release|x86 = Release|x86
	EndGlobalSection
	GlobalSection(ProjectConfigurationPlatforms) = postSolution
		{AB8BA38B-4A99-4ED4-ADD0-B8F55E0577C9}.Debug|Any CPU.ActiveCfg = Debug|Any CPU
		{AB8BA38B-4A99-4ED4-ADD0-B8F55E0577C9}.Debug|Any CPU.Build.0 = Debug|Any CPU
		{AB8BA38B-4A99-4ED4-ADD0-B8F55E0577C9}.Debug|x64.ActiveCfg = Debug|Any CPU
		{AB8BA38B-4A99-4ED4-ADD0-B8F55E0577C9}.Debug|x64.Build.0 = Debug|Any CPU
		{AB8BA38B-4A99-4ED4-ADD0-B8F55E0577C9}.Debug|x86.ActiveCfg = Debug|Any CPU
		{AB8BA38B-4A99-4ED4-ADD0-B8F55E0577C9}.Debug|x86.Build.0 = Debug|Any CPU
		{AB8BA38B-4A99-4ED4-ADD0-B8F55E0577C9}.Release|Any CPU.ActiveCfg = Release|Any CPU
		{AB8BA38B-4A99-4ED4-ADD0-B8F55E0577C9}.Release|Any CPU.Build.0 = Release|Any CPU
		{AB8BA38B-4A99-4ED4-ADD0-B8F55E0577C9}.Release|x64.ActiveCfg = Release|Any CPU
		{AB8BA38B-4A99-4ED4-ADD0-B8F55E0577C9}.Release|x64.Build.0 = Release|Any CPU
		{AB8BA38B-4A99-4ED4-ADD0-B8F55E0577C9}.Release|x86.ActiveCfg = Release|Any CPU
		{AB8BA38B-4A99-4ED4-ADD0-B8F55E0577C9}.Release|x86.Build.0 = Release|Any CPU
		{7C707AD5-EAE5-43E6-AA61-6F14CADBA734}.Debug|Any CPU.ActiveCfg = Debug|Any CPU
		{7C707AD5-EAE5-43E6-AA61-6F14CADBA734}.Debug|Any CPU.Build.0 = Debug|Any CPU
		{7C707AD5-EAE5-43E6-AA61-6F14CADBA734}.Debug|x64.ActiveCfg = Debug|Any CPU
		{7C707AD5-EAE5-43E6-AA61-6F14CADBA734}.Debug|x64.Build.0 = Debug|Any CPU
		{7C707AD5-EAE5-43E6-AA61-6F14CADBA734}.Debug|x86.ActiveCfg = Debug|Any CPU
		{7C707AD5-EAE5-43E6-AA61-6F14CADBA734}.Debug|x86.Build.0 = Debug|Any CPU
		{7C707AD5-EAE5-43E6-AA61-6F14CADBA734}.Release|Any CPU.ActiveCfg = Release|Any CPU
		{7C707AD5-EAE5-43E6-AA61-6F14CADBA734}.Release|Any CPU.Build.0 = Release|Any CPU
		{7C707AD5-EAE5-43E6-AA61-6F14CADBA734}.Release|x64.ActiveCfg = Release|Any CPU
		{7C707AD5-EAE5-43E6-AA61-6F14CADBA734}.Release|x64.Build.0 = Release|Any CPU
		{7C707AD5-EAE5-43E6-AA61-6F14CADBA734}.Release|x86.ActiveCfg = Release|Any CPU
		{7C707AD5-EAE5-43E6-AA61-6F14CADBA734}.Release|x86.Build.0 = Release|Any CPU
		{6FB54BB9-96D7-46F3-85BC-3FFDA0866C1F}.Debug|Any CPU.ActiveCfg = Debug|Any CPU
		{6FB54BB9-96D7-46F3-85BC-3FFDA0866C1F}.Debug|Any CPU.Build.0 = Debug|Any CPU
		{6FB54BB9-96D7-46F3-85BC-3FFDA0866C1F}.Debug|x64.ActiveCfg = Debug|Any CPU
		{6FB54BB9-96D7-46F3-85BC-3FFDA0866C1F}.Debug|x64.Build.0 = Debug|Any CPU
		{6FB54BB9-96D7-46F3-85BC-3FFDA0866C1F}.Debug|x86.ActiveCfg = Debug|Any CPU
		{6FB54BB9-96D7-46F3-85BC-3FFDA0866C1F}.Debug|x86.Build.0 = Debug|Any CPU
		{6FB54BB9-96D7-46F3-85BC-3FFDA0866C1F}.Release|Any CPU.ActiveCfg = Release|Any CPU
		{6FB54BB9-96D7-46F3-85BC-3FFDA0866C1F}.Release|Any CPU.Build.0 = Release|Any CPU
		{6FB54BB9-96D7-46F3-85BC-3FFDA0866C1F}.Release|x64.ActiveCfg = Release|Any CPU
		{6FB54BB9-96D7-46F3-85BC-3FFDA0866C1F}.Release|x64.Build.0 = Release|Any CPU
		{6FB54BB9-96D7-46F3-85BC-3FFDA0866C1F}.Release|x86.ActiveCfg = Release|Any CPU
		{6FB54BB9-96D7-46F3-85BC-3FFDA0866C1F}.Release|x86.Build.0 = Release|Any CPU
		{1B82D1B4-6188-4789-8662-2642F16596CE}.Debug|Any CPU.ActiveCfg = Debug|Any CPU
		{1B82D1B4-6188-4789-8662-2642F16596CE}.Debug|Any CPU.Build.0 = Debug|Any CPU
		{1B82D1B4-6188-4789-8662-2642F16596CE}.Debug|x64.ActiveCfg = Debug|Any CPU
		{1B82D1B4-6188-4789-8662-2642F16596CE}.Debug|x64.Build.0 = Debug|Any CPU
		{1B82D1B4-6188-4789-8662-2642F16596CE}.Debug|x86.ActiveCfg = Debug|Any CPU
		{1B82D1B4-6188-4789-8662-2642F16596CE}.Debug|x86.Build.0 = Debug|Any CPU
		{1B82D1B4-6188-4789-8662-2642F16596CE}.Release|Any CPU.ActiveCfg = Release|Any CPU
		{1B82D1B4-6188-4789-8662-2642F16596CE}.Release|Any CPU.Build.0 = Release|Any CPU
		{1B82D1B4-6188-4789-8662-2642F16596CE}.Release|x64.ActiveCfg = Release|Any CPU
		{1B82D1B4-6188-4789-8662-2642F16596CE}.Release|x64.Build.0 = Release|Any CPU
		{1B82D1B4-6188-4789-8662-2642F16596CE}.Release|x86.ActiveCfg = Release|Any CPU
		{1B82D1B4-6188-4789-8662-2642F16596CE}.Release|x86.Build.0 = Release|Any CPU
		{01561FEC-BCDF-4262-9A41-A5E70B42E0DC}.Debug|Any CPU.ActiveCfg = Debug|Any CPU
		{01561FEC-BCDF-4262-9A41-A5E70B42E0DC}.Debug|Any CPU.Build.0 = Debug|Any CPU
		{01561FEC-BCDF-4262-9A41-A5E70B42E0DC}.Debug|x64.ActiveCfg = Debug|Any CPU
		{01561FEC-BCDF-4262-9A41-A5E70B42E0DC}.Debug|x64.Build.0 = Debug|Any CPU
		{01561FEC-BCDF-4262-9A41-A5E70B42E0DC}.Debug|x86.ActiveCfg = Debug|Any CPU
		{01561FEC-BCDF-4262-9A41-A5E70B42E0DC}.Debug|x86.Build.0 = Debug|Any CPU
		{01561FEC-BCDF-4262-9A41-A5E70B42E0DC}.Release|Any CPU.ActiveCfg = Release|Any CPU
		{01561FEC-BCDF-4262-9A41-A5E70B42E0DC}.Release|Any CPU.Build.0 = Release|Any CPU
		{01561FEC-BCDF-4262-9A41-A5E70B42E0DC}.Release|x64.ActiveCfg = Release|Any CPU
		{01561FEC-BCDF-4262-9A41-A5E70B42E0DC}.Release|x64.Build.0 = Release|Any CPU
		{01561FEC-BCDF-4262-9A41-A5E70B42E0DC}.Release|x86.ActiveCfg = Release|Any CPU
		{01561FEC-BCDF-4262-9A41-A5E70B42E0DC}.Release|x86.Build.0 = Release|Any CPU
	EndGlobalSection
	GlobalSection(SolutionProperties) = preSolution
		HideSolutionNode = FALSE
	EndGlobalSection
	GlobalSection(ExtensibilityGlobals) = postSolution
		SolutionGuid = {178322FA-C7CA-4AC1-9159-123528325AAD}
	EndGlobalSection
EndGlobal
