
Microsoft Visual Studio Solution File, Format Version 12.00
# Visual Studio 15
VisualStudioVersion = 15.0.26730.12
MinimumVisualStudioVersion = 10.0.40219.1
Project("{2150E333-8FDC-42A3-9474-1A3956D46DE8}") = "src", "src", "{6569A004-6A3F-4D34-A9E2-1770B0C1BAEC}"
EndProject
Project("{2150E333-8FDC-42A3-9474-1A3956D46DE8}") = "Solution Items", "Solution Items", "{1AB73120-BE58-4098-8B49-D167E1881C67}"
EndProject
Project("{9A19103F-16F7-4668-BE54-9A1E7A4F7556}") = "Reminders.App", "src\Reminders.App\Reminders.App.csproj", "{9D713F60-ACE5-4D89-A0C2-8C0B572571CC}"
EndProject
Project("{9A19103F-16F7-4668-BE54-9A1E7A4F7556}") = "Reminders.Data", "src\Reminders.Data\Reminders.Data.csproj", "{2BBBB49A-6357-4DD4-8585-299748AE0FE8}"
EndProject
Project("{9A19103F-16F7-4668-BE54-9A1E7A4F7556}") = "Reminders.Domain", "src\Reminders.Domain\Reminders.Domain.csproj", "{6BE6357B-85CB-4D57-8D74-8BA837E4C967}"
EndProject
Project("{9A19103F-16F7-4668-BE54-9A1E7A4F7556}") = "Reminders.Api", "src\Reminders.Api\Reminders.Api.csproj", "{EDC2FCD8-C677-49C1-944E-E1A65967CD95}"
EndProject
Project("{9A19103F-16F7-4668-BE54-9A1E7A4F7556}") = "Reminders.AngularJs", "src\Reminders.AngularJs\Reminders.AngularJs.csproj", "{A0A71B38-5232-4336-A1B7-47CFF6A3470B}"
EndProject
Project("{FAE04EC0-301F-11D3-BF4B-00C04F79EFBC}") = "Reminders.Mvc", "..\Reminders.Mvc\Reminders.Mvc.csproj", "{8B4CE2FA-11A5-4DE7-B472-3FC5A078D590}"
EndProject
Global
	GlobalSection(SolutionConfigurationPlatforms) = preSolution
		Debug|Any CPU = Debug|Any CPU
		Release|Any CPU = Release|Any CPU
		Debug|x64 = Debug|x64
		Debug|x86 = Debug|x86
		Release|x64 = Release|x64
		Release|x86 = Release|x86
	EndGlobalSection
	GlobalSection(ProjectConfigurationPlatforms) = postSolution
		{9D713F60-ACE5-4D89-A0C2-8C0B572571CC}.Debug|Any CPU.ActiveCfg = Debug|Any CPU
		{9D713F60-ACE5-4D89-A0C2-8C0B572571CC}.Debug|Any CPU.Build.0 = Debug|Any CPU
		{9D713F60-ACE5-4D89-A0C2-8C0B572571CC}.Release|Any CPU.ActiveCfg = Release|Any CPU
		{9D713F60-ACE5-4D89-A0C2-8C0B572571CC}.Release|Any CPU.Build.0 = Release|Any CPU
		{2BBBB49A-6357-4DD4-8585-299748AE0FE8}.Debug|Any CPU.ActiveCfg = Debug|Any CPU
		{2BBBB49A-6357-4DD4-8585-299748AE0FE8}.Debug|Any CPU.Build.0 = Debug|Any CPU
		{2BBBB49A-6357-4DD4-8585-299748AE0FE8}.Release|Any CPU.ActiveCfg = Release|Any CPU
		{2BBBB49A-6357-4DD4-8585-299748AE0FE8}.Release|Any CPU.Build.0 = Release|Any CPU
		{6BE6357B-85CB-4D57-8D74-8BA837E4C967}.Debug|Any CPU.ActiveCfg = Debug|Any CPU
		{6BE6357B-85CB-4D57-8D74-8BA837E4C967}.Debug|Any CPU.Build.0 = Debug|Any CPU
		{6BE6357B-85CB-4D57-8D74-8BA837E4C967}.Release|Any CPU.ActiveCfg = Release|Any CPU
		{6BE6357B-85CB-4D57-8D74-8BA837E4C967}.Release|Any CPU.Build.0 = Release|Any CPU
		{EDC2FCD8-C677-49C1-944E-E1A65967CD95}.Debug|Any CPU.ActiveCfg = Debug|Any CPU
		{EDC2FCD8-C677-49C1-944E-E1A65967CD95}.Debug|Any CPU.Build.0 = Debug|Any CPU
		{EDC2FCD8-C677-49C1-944E-E1A65967CD95}.Release|Any CPU.ActiveCfg = Release|Any CPU
		{EDC2FCD8-C677-49C1-944E-E1A65967CD95}.Release|Any CPU.Build.0 = Release|Any CPU
		{A0A71B38-5232-4336-A1B7-47CFF6A3470B}.Debug|Any CPU.ActiveCfg = Debug|Any CPU
		{A0A71B38-5232-4336-A1B7-47CFF6A3470B}.Debug|Any CPU.Build.0 = Debug|Any CPU
		{A0A71B38-5232-4336-A1B7-47CFF6A3470B}.Release|Any CPU.ActiveCfg = Release|Any CPU
		{A0A71B38-5232-4336-A1B7-47CFF6A3470B}.Release|Any CPU.Build.0 = Release|Any CPU
		{8B4CE2FA-11A5-4DE7-B472-3FC5A078D590}.Debug|Any CPU.ActiveCfg = Debug|Any CPU
		{8B4CE2FA-11A5-4DE7-B472-3FC5A078D590}.Debug|Any CPU.Build.0 = Debug|Any CPU
		{8B4CE2FA-11A5-4DE7-B472-3FC5A078D590}.Debug|x64.ActiveCfg = Debug|x64
		{8B4CE2FA-11A5-4DE7-B472-3FC5A078D590}.Debug|x64.Build.0 = Debug|x64
		{8B4CE2FA-11A5-4DE7-B472-3FC5A078D590}.Debug|x86.ActiveCfg = Debug|x86
		{8B4CE2FA-11A5-4DE7-B472-3FC5A078D590}.Debug|x86.Build.0 = Debug|x86
		{8B4CE2FA-11A5-4DE7-B472-3FC5A078D590}.Release|Any CPU.ActiveCfg = Release|Any CPU
		{8B4CE2FA-11A5-4DE7-B472-3FC5A078D590}.Release|Any CPU.Build.0 = Release|Any CPU
		{8B4CE2FA-11A5-4DE7-B472-3FC5A078D590}.Release|x64.ActiveCfg = Release|x64
		{8B4CE2FA-11A5-4DE7-B472-3FC5A078D590}.Release|x64.Build.0 = Release|x64
		{8B4CE2FA-11A5-4DE7-B472-3FC5A078D590}.Release|x86.ActiveCfg = Release|x86
		{8B4CE2FA-11A5-4DE7-B472-3FC5A078D590}.Release|x86.Build.0 = Release|x86
	EndGlobalSection
	GlobalSection(SolutionProperties) = preSolution
		HideSolutionNode = FALSE
	EndGlobalSection
	GlobalSection(NestedProjects) = preSolution
		{9D713F60-ACE5-4D89-A0C2-8C0B572571CC} = {6569A004-6A3F-4D34-A9E2-1770B0C1BAEC}
		{2BBBB49A-6357-4DD4-8585-299748AE0FE8} = {6569A004-6A3F-4D34-A9E2-1770B0C1BAEC}
		{6BE6357B-85CB-4D57-8D74-8BA837E4C967} = {6569A004-6A3F-4D34-A9E2-1770B0C1BAEC}
		{EDC2FCD8-C677-49C1-944E-E1A65967CD95} = {6569A004-6A3F-4D34-A9E2-1770B0C1BAEC}
		{A0A71B38-5232-4336-A1B7-47CFF6A3470B} = {6569A004-6A3F-4D34-A9E2-1770B0C1BAEC}
	EndGlobalSection
	GlobalSection(ExtensibilityGlobals) = postSolution
		SolutionGuid = {09B206E0-6807-40F6-86CC-23DE56DA790C}
	EndGlobalSection
EndGlobal
